
Microsoft Visual Studio Solution File, Format Version 12.00
# Visual Studio 2013
VisualStudioVersion = 12.0.31206.0
MinimumVisualStudioVersion = 10.0.40219.1
Project("{2150E333-8FDC-42A3-9474-1A3956D46DE8}") = ".nuget", ".nuget", "{93D53702-4845-40AF-8C35-AE4513C14AA1}"
	ProjectSection(SolutionItems) = preProject
		.nuget\NuGet.Config = .nuget\NuGet.Config
		.nuget\NuGet.exe = .nuget\NuGet.exe
		.nuget\NuGet.targets = .nuget\NuGet.targets
	EndProjectSection
EndProject
Project("{FAE04EC0-301F-11D3-BF4B-00C04F79EFBC}") = "Triggers.API", "Triggers.API\Triggers.API.csproj", "{4F8BF174-4A29-48E2-AA20-8160C94B7330}"
EndProject
Project("{2150E333-8FDC-42A3-9474-1A3956D46DE8}") = "Solution Items", "Solution Items", "{919F4D78-F278-4411-B1C4-F370CDC943CF}"
	ProjectSection(SolutionItems) = preProject
		nuget.config = nuget.config
	EndProjectSection
EndProject
Project("{FAE04EC0-301F-11D3-BF4B-00C04F79EFBC}") = "Triggers.Host", "Triggers.Host\Triggers.Host.csproj", "{891EB862-B06E-46A3-9ED8-CA026CA8B32E}"
EndProject
Project("{FAE04EC0-301F-11D3-BF4B-00C04F79EFBC}") = "Triggers.Console", "Triggers.Console\Triggers.Console.csproj", "{F5133A4B-2FBC-4908-8A09-14801BFB562B}"
EndProject
Project("{FAE04EC0-301F-11D3-BF4B-00C04F79EFBC}") = "Triggers.Platform", "Triggers.Platform\Triggers.Platform.csproj", "{4D5FE32A-5316-4AA0-A088-BA3B9FB00B1D}"
EndProject
Project("{FAE04EC0-301F-11D3-BF4B-00C04F79EFBC}") = "Triggers.Common", "Triggers.Common\Triggers.Common.csproj", "{6C0FF443-E142-42F2-A23C-1CEDF3902127}"
EndProject
Global
	GlobalSection(SolutionConfigurationPlatforms) = preSolution
		Debug|Any CPU = Debug|Any CPU
		Release|Any CPU = Release|Any CPU
	EndGlobalSection
	GlobalSection(ProjectConfigurationPlatforms) = postSolution
		{4F8BF174-4A29-48E2-AA20-8160C94B7330}.Debug|Any CPU.ActiveCfg = Debug|Any CPU
		{4F8BF174-4A29-48E2-AA20-8160C94B7330}.Debug|Any CPU.Build.0 = Debug|Any CPU
		{4F8BF174-4A29-48E2-AA20-8160C94B7330}.Release|Any CPU.ActiveCfg = Release|Any CPU
		{4F8BF174-4A29-48E2-AA20-8160C94B7330}.Release|Any CPU.Build.0 = Release|Any CPU
		{891EB862-B06E-46A3-9ED8-CA026CA8B32E}.Debug|Any CPU.ActiveCfg = Debug|Any CPU
		{891EB862-B06E-46A3-9ED8-CA026CA8B32E}.Debug|Any CPU.Build.0 = Debug|Any CPU
		{891EB862-B06E-46A3-9ED8-CA026CA8B32E}.Release|Any CPU.ActiveCfg = Release|Any CPU
		{891EB862-B06E-46A3-9ED8-CA026CA8B32E}.Release|Any CPU.Build.0 = Release|Any CPU
		{F5133A4B-2FBC-4908-8A09-14801BFB562B}.Debug|Any CPU.ActiveCfg = Debug|Any CPU
		{F5133A4B-2FBC-4908-8A09-14801BFB562B}.Debug|Any CPU.Build.0 = Debug|Any CPU
		{F5133A4B-2FBC-4908-8A09-14801BFB562B}.Release|Any CPU.ActiveCfg = Release|Any CPU
		{F5133A4B-2FBC-4908-8A09-14801BFB562B}.Release|Any CPU.Build.0 = Release|Any CPU
		{4D5FE32A-5316-4AA0-A088-BA3B9FB00B1D}.Debug|Any CPU.ActiveCfg = Debug|Any CPU
		{4D5FE32A-5316-4AA0-A088-BA3B9FB00B1D}.Debug|Any CPU.Build.0 = Debug|Any CPU
		{4D5FE32A-5316-4AA0-A088-BA3B9FB00B1D}.Release|Any CPU.ActiveCfg = Release|Any CPU
		{4D5FE32A-5316-4AA0-A088-BA3B9FB00B1D}.Release|Any CPU.Build.0 = Release|Any CPU
		{6C0FF443-E142-42F2-A23C-1CEDF3902127}.Debug|Any CPU.ActiveCfg = Debug|Any CPU
		{6C0FF443-E142-42F2-A23C-1CEDF3902127}.Debug|Any CPU.Build.0 = Debug|Any CPU
		{6C0FF443-E142-42F2-A23C-1CEDF3902127}.Release|Any CPU.ActiveCfg = Release|Any CPU
		{6C0FF443-E142-42F2-A23C-1CEDF3902127}.Release|Any CPU.Build.0 = Release|Any CPU
	EndGlobalSection
	GlobalSection(SolutionProperties) = preSolution
		HideSolutionNode = FALSE
	EndGlobalSection
EndGlobal
